
Microsoft Visual Studio Solution File, Format Version 11.00
# Visual Studio 2010
Project("{FAE04EC0-301F-11D3-BF4B-00C04F79EFBC}") = "VanderGraaf", "VanderGraaf\VanderGraaf.csproj", "{EB90B262-9874-48BE-877C-5D63213937AD}"
EndProject
Global
	GlobalSection(SolutionConfigurationPlatforms) = preSolution
		Debug|x86 = Debug|x86
		Release|x86 = Release|x86
	EndGlobalSection
	GlobalSection(ProjectConfigurationPlatforms) = postSolution
		{EB90B262-9874-48BE-877C-5D63213937AD}.Debug|x86.ActiveCfg = Debug|x86
		{EB90B262-9874-48BE-877C-5D63213937AD}.Debug|x86.Build.0 = Debug|x86
		{EB90B262-9874-48BE-877C-5D63213937AD}.Release|x86.ActiveCfg = Release|x86
		{EB90B262-9874-48BE-877C-5D63213937AD}.Release|x86.Build.0 = Release|x86
	EndGlobalSection
	GlobalSection(SolutionProperties) = preSolution
		HideSolutionNode = FALSE
	EndGlobalSection
EndGlobal
